// !$*UTF8*$!
{
	archiveVersion = 1;
	classes = {
	};
	objectVersion = 56;
	objects = {

/* Begin PBXBuildFile section */
		740F54F52BE3EA51003388DC /* WebViewPresenter.swift in Sources */ = {isa = PBXBuildFile; fileRef = 740F54F42BE3EA51003388DC /* WebViewPresenter.swift */; };
		740F54F72BE3EC49003388DC /* AuthHelper.swift in Sources */ = {isa = PBXBuildFile; fileRef = 740F54F62BE3EC49003388DC /* AuthHelper.swift */; };
		740F54F92BE5562C003388DC /* ProfileViewPresenter.swift in Sources */ = {isa = PBXBuildFile; fileRef = 740F54F82BE5562C003388DC /* ProfileViewPresenter.swift */; };
		740F54FB2BE69230003388DC /* ImageListPresenter.swift in Sources */ = {isa = PBXBuildFile; fileRef = 740F54FA2BE69230003388DC /* ImageListPresenter.swift */; };
		741DC6372B34664E007077A4 /* ImageListCell.swift in Sources */ = {isa = PBXBuildFile; fileRef = 741DC6362B34664E007077A4 /* ImageListCell.swift */; };
		741EDE222B8387E400A97C02 /* ProgressHUD in Frameworks */ = {isa = PBXBuildFile; productRef = 741EDE212B8387E400A97C02 /* ProgressHUD */; };
		742813B62B4AC4F9001225FF /* SingleImageViewController.swift in Sources */ = {isa = PBXBuildFile; fileRef = 742813B52B4AC4F9001225FF /* SingleImageViewController.swift */; };
		7459171B2BE6E7AF00568C9D /* WebViewTests.swift in Sources */ = {isa = PBXBuildFile; fileRef = 7459171A2BE6E7AF00568C9D /* WebViewTests.swift */; };
		7459172E2BE6F62600568C9D /* ProfileTests.swift in Sources */ = {isa = PBXBuildFile; fileRef = 745917272BE6F62100568C9D /* ProfileTests.swift */; };
		7459173C2BE6F6B600568C9D /* ImagesListTests.swift in Sources */ = {isa = PBXBuildFile; fileRef = 745917352BE6F6B100568C9D /* ImagesListTests.swift */; };
		745917532BE6F84E00568C9D /* ImageFeedUITests.swift in Sources */ = {isa = PBXBuildFile; fileRef = 745917522BE6F84E00568C9D /* ImageFeedUITests.swift */; };
		746231902B1A051E007991EB /* AppDelegate.swift in Sources */ = {isa = PBXBuildFile; fileRef = 7462318F2B1A051E007991EB /* AppDelegate.swift */; };
		746231922B1A051E007991EB /* SceneDelegate.swift in Sources */ = {isa = PBXBuildFile; fileRef = 746231912B1A051E007991EB /* SceneDelegate.swift */; };
		746231942B1A051E007991EB /* ImagesListViewController.swift in Sources */ = {isa = PBXBuildFile; fileRef = 746231932B1A051E007991EB /* ImagesListViewController.swift */; };
		746231972B1A051E007991EB /* Main.storyboard in Resources */ = {isa = PBXBuildFile; fileRef = 746231952B1A051E007991EB /* Main.storyboard */; };
		746231992B1A0522007991EB /* Assets.xcassets in Resources */ = {isa = PBXBuildFile; fileRef = 746231982B1A0522007991EB /* Assets.xcassets */; };
		7462319C2B1A0522007991EB /* LaunchScreen.storyboard in Resources */ = {isa = PBXBuildFile; fileRef = 7462319A2B1A0522007991EB /* LaunchScreen.storyboard */; };
		746231A62B1A37C9007991EB /* Colors + Extensions.swift in Sources */ = {isa = PBXBuildFile; fileRef = 746231A52B1A37C9007991EB /* Colors + Extensions.swift */; };
		747751B82BDBCED900CF7183 /* ImageListStructures.swift in Sources */ = {isa = PBXBuildFile; fileRef = 747751B72BDBCED900CF7183 /* ImageListStructures.swift */; };
		747751BA2BDBCFC700CF7183 /* ImageListService.swift in Sources */ = {isa = PBXBuildFile; fileRef = 747751B92BDBCFC700CF7183 /* ImageListService.swift */; };
		747C6F442B73A5B4009693B0 /* AuthConfiguration.swift in Sources */ = {isa = PBXBuildFile; fileRef = 747C6F432B73A5B4009693B0 /* AuthConfiguration.swift */; };
		747C6F462B74EFCF009693B0 /* AuthViewController.swift in Sources */ = {isa = PBXBuildFile; fileRef = 747C6F452B74EFCF009693B0 /* AuthViewController.swift */; };
		748CB2DE2BA5654600FA1A57 /* Kingfisher in Frameworks */ = {isa = PBXBuildFile; productRef = 748CB2DD2BA5654600FA1A57 /* Kingfisher */; };
		748CB2E12BA565D400FA1A57 /* SwiftKeychainWrapper in Frameworks */ = {isa = PBXBuildFile; productRef = 748CB2E02BA565D400FA1A57 /* SwiftKeychainWrapper */; };
		748CB2E42BAC5BF800FA1A57 /* URLSession+Data.swift in Sources */ = {isa = PBXBuildFile; fileRef = 748CB2E32BAC5BF800FA1A57 /* URLSession+Data.swift */; };
		74BD4F812B4598BE00FF8243 /* ProfileViewController.swift in Sources */ = {isa = PBXBuildFile; fileRef = 74BD4F802B4598BE00FF8243 /* ProfileViewController.swift */; };
		74C8631B2B766EB900B414ED /* WebViewViewController.swift in Sources */ = {isa = PBXBuildFile; fileRef = 74C8631A2B766EB800B414ED /* WebViewViewController.swift */; };
		74D87FDD2B7FB0B600CA180D /* OAuth2Service.swift in Sources */ = {isa = PBXBuildFile; fileRef = 74D87FDC2B7FB0B600CA180D /* OAuth2Service.swift */; };
		74D87FDF2B7FB0CA00CA180D /* OAuth2Storage.swift in Sources */ = {isa = PBXBuildFile; fileRef = 74D87FDE2B7FB0CA00CA180D /* OAuth2Storage.swift */; };
		74D87FE22B7FE6F600CA180D /* SplashViewController.swift in Sources */ = {isa = PBXBuildFile; fileRef = 74D87FE12B7FE6F600CA180D /* SplashViewController.swift */; };
		74E501552BC02F1100B95F28 /* UIBlockingProgressHUD.swift in Sources */ = {isa = PBXBuildFile; fileRef = 74E501542BC02F1100B95F28 /* UIBlockingProgressHUD.swift */; };
		74E501572BC42D9F00B95F28 /* ProfileService.swift in Sources */ = {isa = PBXBuildFile; fileRef = 74E501562BC42D9F00B95F28 /* ProfileService.swift */; };
		74E5015C2BC442C400B95F28 /* ProfileStructures.swift in Sources */ = {isa = PBXBuildFile; fileRef = 74E5015B2BC442C400B95F28 /* ProfileStructures.swift */; };
		74E5015E2BD149FF00B95F28 /* ProfileImageService.swift in Sources */ = {isa = PBXBuildFile; fileRef = 74E5015D2BD149FF00B95F28 /* ProfileImageService.swift */; };
		74E501612BD2BD2400B95F28 /* TabBarController.swift in Sources */ = {isa = PBXBuildFile; fileRef = 74E501602BD2BD2400B95F28 /* TabBarController.swift */; };
/* End PBXBuildFile section */

/* Begin PBXContainerItemProxy section */
		7459171C2BE6E7AF00568C9D /* PBXContainerItemProxy */ = {
			isa = PBXContainerItemProxy;
			containerPortal = 746231842B1A051E007991EB /* Project object */;
			proxyType = 1;
			remoteGlobalIDString = 7462318B2B1A051E007991EB;
			remoteInfo = ImageFeed;
		};
		745917292BE6F62100568C9D /* PBXContainerItemProxy */ = {
			isa = PBXContainerItemProxy;
			containerPortal = 746231842B1A051E007991EB /* Project object */;
			proxyType = 1;
			remoteGlobalIDString = 7462318B2B1A051E007991EB;
			remoteInfo = ImageFeed;
		};
		745917372BE6F6B100568C9D /* PBXContainerItemProxy */ = {
			isa = PBXContainerItemProxy;
			containerPortal = 746231842B1A051E007991EB /* Project object */;
			proxyType = 1;
			remoteGlobalIDString = 7462318B2B1A051E007991EB;
			remoteInfo = ImageFeed;
		};
		745917562BE6F84E00568C9D /* PBXContainerItemProxy */ = {
			isa = PBXContainerItemProxy;
			containerPortal = 746231842B1A051E007991EB /* Project object */;
			proxyType = 1;
			remoteGlobalIDString = 7462318B2B1A051E007991EB;
			remoteInfo = ImageFeed;
		};
/* End PBXContainerItemProxy section */

/* Begin PBXFileReference section */
		740F54F42BE3EA51003388DC /* WebViewPresenter.swift */ = {isa = PBXFileReference; lastKnownFileType = sourcecode.swift; path = WebViewPresenter.swift; sourceTree = "<group>"; };
		740F54F62BE3EC49003388DC /* AuthHelper.swift */ = {isa = PBXFileReference; lastKnownFileType = sourcecode.swift; path = AuthHelper.swift; sourceTree = "<group>"; };
		740F54F82BE5562C003388DC /* ProfileViewPresenter.swift */ = {isa = PBXFileReference; lastKnownFileType = sourcecode.swift; path = ProfileViewPresenter.swift; sourceTree = "<group>"; };
		740F54FA2BE69230003388DC /* ImageListPresenter.swift */ = {isa = PBXFileReference; lastKnownFileType = sourcecode.swift; path = ImageListPresenter.swift; sourceTree = "<group>"; };
		741DC6362B34664E007077A4 /* ImageListCell.swift */ = {isa = PBXFileReference; lastKnownFileType = sourcecode.swift; path = ImageListCell.swift; sourceTree = "<group>"; };
		742813B52B4AC4F9001225FF /* SingleImageViewController.swift */ = {isa = PBXFileReference; lastKnownFileType = sourcecode.swift; path = SingleImageViewController.swift; sourceTree = "<group>"; };
		745917182BE6E7AF00568C9D /* ImageFeedTests.xctest */ = {isa = PBXFileReference; explicitFileType = wrapper.cfbundle; includeInIndex = 0; path = ImageFeedTests.xctest; sourceTree = BUILT_PRODUCTS_DIR; };
		7459171A2BE6E7AF00568C9D /* WebViewTests.swift */ = {isa = PBXFileReference; lastKnownFileType = sourcecode.swift; path = WebViewTests.swift; sourceTree = "<group>"; };
		745917252BE6F62100568C9D /* ProfileTests.xctest */ = {isa = PBXFileReference; explicitFileType = wrapper.cfbundle; includeInIndex = 0; path = ProfileTests.xctest; sourceTree = BUILT_PRODUCTS_DIR; };
		745917272BE6F62100568C9D /* ProfileTests.swift */ = {isa = PBXFileReference; lastKnownFileType = sourcecode.swift; path = ProfileTests.swift; sourceTree = "<group>"; };
		745917332BE6F6B100568C9D /* ImagesListTests.xctest */ = {isa = PBXFileReference; explicitFileType = wrapper.cfbundle; includeInIndex = 0; path = ImagesListTests.xctest; sourceTree = BUILT_PRODUCTS_DIR; };
		745917352BE6F6B100568C9D /* ImagesListTests.swift */ = {isa = PBXFileReference; lastKnownFileType = sourcecode.swift; path = ImagesListTests.swift; sourceTree = "<group>"; };
		745917502BE6F84E00568C9D /* ImageFeedUITests.xctest */ = {isa = PBXFileReference; explicitFileType = wrapper.cfbundle; includeInIndex = 0; path = ImageFeedUITests.xctest; sourceTree = BUILT_PRODUCTS_DIR; };
		745917522BE6F84E00568C9D /* ImageFeedUITests.swift */ = {isa = PBXFileReference; lastKnownFileType = sourcecode.swift; path = ImageFeedUITests.swift; sourceTree = "<group>"; };
		7462318C2B1A051E007991EB /* ImageFeed.app */ = {isa = PBXFileReference; explicitFileType = wrapper.application; includeInIndex = 0; path = ImageFeed.app; sourceTree = BUILT_PRODUCTS_DIR; };
		7462318F2B1A051E007991EB /* AppDelegate.swift */ = {isa = PBXFileReference; lastKnownFileType = sourcecode.swift; path = AppDelegate.swift; sourceTree = "<group>"; };
		746231912B1A051E007991EB /* SceneDelegate.swift */ = {isa = PBXFileReference; lastKnownFileType = sourcecode.swift; path = SceneDelegate.swift; sourceTree = "<group>"; };
		746231932B1A051E007991EB /* ImagesListViewController.swift */ = {isa = PBXFileReference; lastKnownFileType = sourcecode.swift; path = ImagesListViewController.swift; sourceTree = "<group>"; };
		746231962B1A051E007991EB /* Base */ = {isa = PBXFileReference; lastKnownFileType = file.storyboard; name = Base; path = Base.lproj/Main.storyboard; sourceTree = "<group>"; };
		746231982B1A0522007991EB /* Assets.xcassets */ = {isa = PBXFileReference; lastKnownFileType = folder.assetcatalog; path = Assets.xcassets; sourceTree = "<group>"; };
		7462319B2B1A0522007991EB /* Base */ = {isa = PBXFileReference; lastKnownFileType = file.storyboard; name = Base; path = Base.lproj/LaunchScreen.storyboard; sourceTree = "<group>"; };
		7462319D2B1A0522007991EB /* Info.plist */ = {isa = PBXFileReference; lastKnownFileType = text.plist.xml; path = Info.plist; sourceTree = "<group>"; };
		746231A52B1A37C9007991EB /* Colors + Extensions.swift */ = {isa = PBXFileReference; lastKnownFileType = sourcecode.swift; path = "Colors + Extensions.swift"; sourceTree = "<group>"; };
		747751B72BDBCED900CF7183 /* ImageListStructures.swift */ = {isa = PBXFileReference; lastKnownFileType = sourcecode.swift; path = ImageListStructures.swift; sourceTree = "<group>"; };
		747751B92BDBCFC700CF7183 /* ImageListService.swift */ = {isa = PBXFileReference; lastKnownFileType = sourcecode.swift; path = ImageListService.swift; sourceTree = "<group>"; };
		747C6F432B73A5B4009693B0 /* AuthConfiguration.swift */ = {isa = PBXFileReference; lastKnownFileType = sourcecode.swift; path = AuthConfiguration.swift; sourceTree = "<group>"; };
		747C6F452B74EFCF009693B0 /* AuthViewController.swift */ = {isa = PBXFileReference; lastKnownFileType = sourcecode.swift; path = AuthViewController.swift; sourceTree = "<group>"; };
		748CB2E32BAC5BF800FA1A57 /* URLSession+Data.swift */ = {isa = PBXFileReference; lastKnownFileType = sourcecode.swift; path = "URLSession+Data.swift"; sourceTree = "<group>"; };
		74BD4F802B4598BE00FF8243 /* ProfileViewController.swift */ = {isa = PBXFileReference; lastKnownFileType = sourcecode.swift; path = ProfileViewController.swift; sourceTree = "<group>"; };
		74C8631A2B766EB800B414ED /* WebViewViewController.swift */ = {isa = PBXFileReference; lastKnownFileType = sourcecode.swift; path = WebViewViewController.swift; sourceTree = "<group>"; };
		74D87FDC2B7FB0B600CA180D /* OAuth2Service.swift */ = {isa = PBXFileReference; lastKnownFileType = sourcecode.swift; path = OAuth2Service.swift; sourceTree = "<group>"; };
		74D87FDE2B7FB0CA00CA180D /* OAuth2Storage.swift */ = {isa = PBXFileReference; lastKnownFileType = sourcecode.swift; path = OAuth2Storage.swift; sourceTree = "<group>"; };
		74D87FE12B7FE6F600CA180D /* SplashViewController.swift */ = {isa = PBXFileReference; lastKnownFileType = sourcecode.swift; path = SplashViewController.swift; sourceTree = "<group>"; };
		74E501542BC02F1100B95F28 /* UIBlockingProgressHUD.swift */ = {isa = PBXFileReference; lastKnownFileType = sourcecode.swift; path = UIBlockingProgressHUD.swift; sourceTree = "<group>"; };
		74E501562BC42D9F00B95F28 /* ProfileService.swift */ = {isa = PBXFileReference; lastKnownFileType = sourcecode.swift; path = ProfileService.swift; sourceTree = "<group>"; };
		74E5015B2BC442C400B95F28 /* ProfileStructures.swift */ = {isa = PBXFileReference; lastKnownFileType = sourcecode.swift; path = ProfileStructures.swift; sourceTree = "<group>"; };
		74E5015D2BD149FF00B95F28 /* ProfileImageService.swift */ = {isa = PBXFileReference; lastKnownFileType = sourcecode.swift; path = ProfileImageService.swift; sourceTree = "<group>"; };
		74E501602BD2BD2400B95F28 /* TabBarController.swift */ = {isa = PBXFileReference; lastKnownFileType = sourcecode.swift; path = TabBarController.swift; sourceTree = "<group>"; };
/* End PBXFileReference section */

/* Begin PBXFrameworksBuildPhase section */
		745917152BE6E7AF00568C9D /* Frameworks */ = {
			isa = PBXFrameworksBuildPhase;
			buildActionMask = 2147483647;
			files = (
			);
			runOnlyForDeploymentPostprocessing = 0;
		};
		745917222BE6F62100568C9D /* Frameworks */ = {
			isa = PBXFrameworksBuildPhase;
			buildActionMask = 2147483647;
			files = (
			);
			runOnlyForDeploymentPostprocessing = 0;
		};
		745917302BE6F6B100568C9D /* Frameworks */ = {
			isa = PBXFrameworksBuildPhase;
			buildActionMask = 2147483647;
			files = (
			);
			runOnlyForDeploymentPostprocessing = 0;
		};
		7459174D2BE6F84E00568C9D /* Frameworks */ = {
			isa = PBXFrameworksBuildPhase;
			buildActionMask = 2147483647;
			files = (
			);
			runOnlyForDeploymentPostprocessing = 0;
		};
		746231892B1A051E007991EB /* Frameworks */ = {
			isa = PBXFrameworksBuildPhase;
			buildActionMask = 2147483647;
			files = (
				748CB2DE2BA5654600FA1A57 /* Kingfisher in Frameworks */,
				741EDE222B8387E400A97C02 /* ProgressHUD in Frameworks */,
				748CB2E12BA565D400FA1A57 /* SwiftKeychainWrapper in Frameworks */,
			);
			runOnlyForDeploymentPostprocessing = 0;
		};
/* End PBXFrameworksBuildPhase section */

/* Begin PBXGroup section */
		740F54EE2BE3DED0003388DC /* ImageFeedApp */ = {
			isa = PBXGroup;
			children = (
				741DC6382B346658007077A4 /* ImageList */,
				74BD4F7F2B45989100FF8243 /* Profile */,
				740F54F32BE3E386003388DC /* SIngleImage */,
				747C6F472B74EFE4009693B0 /* Auth */,
				740F54EF2BE3DF38003388DC /* Services */,
				74E5015F2BD2BCA200B95F28 /* TabBarController */,
				74D87FE02B7FE6D400CA180D /* SplashViewController */,
				746231A42B1A37B0007991EB /* Helpers */,
				746231A32B1A2FEE007991EB /* Resources */,
				7462319A2B1A0522007991EB /* LaunchScreen.storyboard */,
				746231952B1A051E007991EB /* Main.storyboard */,
			);
			path = ImageFeedApp;
			sourceTree = "<group>";
		};
		740F54EF2BE3DF38003388DC /* Services */ = {
			isa = PBXGroup;
			children = (
				740F54F22BE3DF7D003388DC /* ImageListService */,
				740F54F12BE3DF6B003388DC /* ProfileService */,
				740F54F02BE3DF5B003388DC /* OAuth2 */,
			);
			path = Services;
			sourceTree = "<group>";
		};
		740F54F02BE3DF5B003388DC /* OAuth2 */ = {
			isa = PBXGroup;
			children = (
				74D87FDC2B7FB0B600CA180D /* OAuth2Service.swift */,
				74D87FDE2B7FB0CA00CA180D /* OAuth2Storage.swift */,
			);
			path = OAuth2;
			sourceTree = "<group>";
		};
		740F54F12BE3DF6B003388DC /* ProfileService */ = {
			isa = PBXGroup;
			children = (
				74E5015D2BD149FF00B95F28 /* ProfileImageService.swift */,
				74E501562BC42D9F00B95F28 /* ProfileService.swift */,
			);
			path = ProfileService;
			sourceTree = "<group>";
		};
		740F54F22BE3DF7D003388DC /* ImageListService */ = {
			isa = PBXGroup;
			children = (
				747751B92BDBCFC700CF7183 /* ImageListService.swift */,
			);
			path = ImageListService;
			sourceTree = "<group>";
		};
		740F54F32BE3E386003388DC /* SIngleImage */ = {
			isa = PBXGroup;
			children = (
				742813B52B4AC4F9001225FF /* SingleImageViewController.swift */,
			);
			path = SIngleImage;
			sourceTree = "<group>";
		};
		741DC6382B346658007077A4 /* ImageList */ = {
			isa = PBXGroup;
			children = (
				741DC6362B34664E007077A4 /* ImageListCell.swift */,
				746231932B1A051E007991EB /* ImagesListViewController.swift */,
				747751B72BDBCED900CF7183 /* ImageListStructures.swift */,
				740F54FA2BE69230003388DC /* ImageListPresenter.swift */,
			);
			path = ImageList;
			sourceTree = "<group>";
		};
		745917192BE6E7AF00568C9D /* ImageFeedTests */ = {
			isa = PBXGroup;
			children = (
				7459171A2BE6E7AF00568C9D /* WebViewTests.swift */,
				745917272BE6F62100568C9D /* ProfileTests.swift */,
				745917352BE6F6B100568C9D /* ImagesListTests.swift */,
			);
			path = ImageFeedTests;
			sourceTree = "<group>";
		};
		745917512BE6F84E00568C9D /* ImageFeedUITests */ = {
			isa = PBXGroup;
			children = (
				745917522BE6F84E00568C9D /* ImageFeedUITests.swift */,
			);
			path = ImageFeedUITests;
			sourceTree = "<group>";
		};
		746231832B1A051E007991EB = {
			isa = PBXGroup;
			children = (
				740F54EE2BE3DED0003388DC /* ImageFeedApp */,
				745917192BE6E7AF00568C9D /* ImageFeedTests */,
				745917512BE6F84E00568C9D /* ImageFeedUITests */,
				7462318D2B1A051E007991EB /* Products */,
			);
			sourceTree = "<group>";
		};
		7462318D2B1A051E007991EB /* Products */ = {
			isa = PBXGroup;
			children = (
				7462318C2B1A051E007991EB /* ImageFeed.app */,
				745917182BE6E7AF00568C9D /* ImageFeedTests.xctest */,
				745917252BE6F62100568C9D /* ProfileTests.xctest */,
				745917332BE6F6B100568C9D /* ImagesListTests.xctest */,
				745917502BE6F84E00568C9D /* ImageFeedUITests.xctest */,
			);
			name = Products;
			sourceTree = "<group>";
		};
		746231A32B1A2FEE007991EB /* Resources */ = {
			isa = PBXGroup;
			children = (
				747C6F432B73A5B4009693B0 /* AuthConfiguration.swift */,
				746231912B1A051E007991EB /* SceneDelegate.swift */,
				7462318F2B1A051E007991EB /* AppDelegate.swift */,
				7462319D2B1A0522007991EB /* Info.plist */,
				746231982B1A0522007991EB /* Assets.xcassets */,
			);
			path = Resources;
			sourceTree = "<group>";
		};
		746231A42B1A37B0007991EB /* Helpers */ = {
			isa = PBXGroup;
			children = (
				748CB2E32BAC5BF800FA1A57 /* URLSession+Data.swift */,
				746231A52B1A37C9007991EB /* Colors + Extensions.swift */,
				74E501542BC02F1100B95F28 /* UIBlockingProgressHUD.swift */,
			);
			path = Helpers;
			sourceTree = "<group>";
		};
		747C6F472B74EFE4009693B0 /* Auth */ = {
			isa = PBXGroup;
			children = (
				747C6F452B74EFCF009693B0 /* AuthViewController.swift */,
				74C8631A2B766EB800B414ED /* WebViewViewController.swift */,
				740F54F42BE3EA51003388DC /* WebViewPresenter.swift */,
				740F54F62BE3EC49003388DC /* AuthHelper.swift */,
			);
			path = Auth;
			sourceTree = "<group>";
		};
		74BD4F7F2B45989100FF8243 /* Profile */ = {
			isa = PBXGroup;
			children = (
				74BD4F802B4598BE00FF8243 /* ProfileViewController.swift */,
				74E5015B2BC442C400B95F28 /* ProfileStructures.swift */,
				740F54F82BE5562C003388DC /* ProfileViewPresenter.swift */,
			);
			path = Profile;
			sourceTree = "<group>";
		};
		74D87FE02B7FE6D400CA180D /* SplashViewController */ = {
			isa = PBXGroup;
			children = (
				74D87FE12B7FE6F600CA180D /* SplashViewController.swift */,
			);
			path = SplashViewController;
			sourceTree = "<group>";
		};
		74E5015F2BD2BCA200B95F28 /* TabBarController */ = {
			isa = PBXGroup;
			children = (
				74E501602BD2BD2400B95F28 /* TabBarController.swift */,
			);
			path = TabBarController;
			sourceTree = "<group>";
		};
/* End PBXGroup section */

/* Begin PBXNativeTarget section */
		745917172BE6E7AF00568C9D /* ImageFeedTests */ = {
			isa = PBXNativeTarget;
			buildConfigurationList = 7459171E2BE6E7AF00568C9D /* Build configuration list for PBXNativeTarget "ImageFeedTests" */;
			buildPhases = (
				745917142BE6E7AF00568C9D /* Sources */,
				745917152BE6E7AF00568C9D /* Frameworks */,
				745917162BE6E7AF00568C9D /* Resources */,
			);
			buildRules = (
			);
			dependencies = (
				7459171D2BE6E7AF00568C9D /* PBXTargetDependency */,
			);
			name = ImageFeedTests;
			productName = ImageFeedTests;
			productReference = 745917182BE6E7AF00568C9D /* ImageFeedTests.xctest */;
			productType = "com.apple.product-type.bundle.unit-test";
		};
		745917242BE6F62100568C9D /* ProfileTests */ = {
			isa = PBXNativeTarget;
			buildConfigurationList = 7459172B2BE6F62100568C9D /* Build configuration list for PBXNativeTarget "ProfileTests" */;
			buildPhases = (
				745917212BE6F62100568C9D /* Sources */,
				745917222BE6F62100568C9D /* Frameworks */,
				745917232BE6F62100568C9D /* Resources */,
			);
			buildRules = (
			);
			dependencies = (
				7459172A2BE6F62100568C9D /* PBXTargetDependency */,
			);
			name = ProfileTests;
			productName = ProfileTests;
			productReference = 745917252BE6F62100568C9D /* ProfileTests.xctest */;
			productType = "com.apple.product-type.bundle.unit-test";
		};
		745917322BE6F6B100568C9D /* ImagesListTests */ = {
			isa = PBXNativeTarget;
			buildConfigurationList = 745917392BE6F6B100568C9D /* Build configuration list for PBXNativeTarget "ImagesListTests" */;
			buildPhases = (
				7459172F2BE6F6B100568C9D /* Sources */,
				745917302BE6F6B100568C9D /* Frameworks */,
				745917312BE6F6B100568C9D /* Resources */,
			);
			buildRules = (
			);
			dependencies = (
				745917382BE6F6B100568C9D /* PBXTargetDependency */,
			);
			name = ImagesListTests;
			productName = ImagesListTests;
			productReference = 745917332BE6F6B100568C9D /* ImagesListTests.xctest */;
			productType = "com.apple.product-type.bundle.unit-test";
		};
		7459174F2BE6F84E00568C9D /* ImageFeedUITests */ = {
			isa = PBXNativeTarget;
			buildConfigurationList = 745917582BE6F84E00568C9D /* Build configuration list for PBXNativeTarget "ImageFeedUITests" */;
			buildPhases = (
				7459174C2BE6F84E00568C9D /* Sources */,
				7459174D2BE6F84E00568C9D /* Frameworks */,
				7459174E2BE6F84E00568C9D /* Resources */,
			);
			buildRules = (
			);
			dependencies = (
				745917572BE6F84E00568C9D /* PBXTargetDependency */,
			);
			name = ImageFeedUITests;
			productName = ImageFeedUITests;
			productReference = 745917502BE6F84E00568C9D /* ImageFeedUITests.xctest */;
			productType = "com.apple.product-type.bundle.ui-testing";
		};
		7462318B2B1A051E007991EB /* ImageFeed */ = {
			isa = PBXNativeTarget;
			buildConfigurationList = 746231A02B1A0522007991EB /* Build configuration list for PBXNativeTarget "ImageFeed" */;
			buildPhases = (
				746231882B1A051E007991EB /* Sources */,
				746231892B1A051E007991EB /* Frameworks */,
				7462318A2B1A051E007991EB /* Resources */,
			);
			buildRules = (
			);
			dependencies = (
			);
			name = ImageFeed;
			packageProductDependencies = (
				741EDE212B8387E400A97C02 /* ProgressHUD */,
				748CB2DD2BA5654600FA1A57 /* Kingfisher */,
				748CB2E02BA565D400FA1A57 /* SwiftKeychainWrapper */,
			);
			productName = ImageFeed;
			productReference = 7462318C2B1A051E007991EB /* ImageFeed.app */;
			productType = "com.apple.product-type.application";
		};
/* End PBXNativeTarget section */

/* Begin PBXProject section */
		746231842B1A051E007991EB /* Project object */ = {
			isa = PBXProject;
			attributes = {
				BuildIndependentTargetsInParallel = 1;
				LastSwiftUpdateCheck = 1420;
				LastUpgradeCheck = 1420;
				TargetAttributes = {
					745917172BE6E7AF00568C9D = {
						CreatedOnToolsVersion = 14.2;
						TestTargetID = 7462318B2B1A051E007991EB;
					};
					745917242BE6F62100568C9D = {
						CreatedOnToolsVersion = 14.2;
						TestTargetID = 7462318B2B1A051E007991EB;
					};
					745917322BE6F6B100568C9D = {
						CreatedOnToolsVersion = 14.2;
						TestTargetID = 7462318B2B1A051E007991EB;
					};
					7459174F2BE6F84E00568C9D = {
						CreatedOnToolsVersion = 14.2;
						TestTargetID = 7462318B2B1A051E007991EB;
					};
					7462318B2B1A051E007991EB = {
						CreatedOnToolsVersion = 14.2;
					};
				};
			};
			buildConfigurationList = 746231872B1A051E007991EB /* Build configuration list for PBXProject "ImageFeed" */;
			compatibilityVersion = "Xcode 14.0";
			developmentRegion = en;
			hasScannedForEncodings = 0;
			knownRegions = (
				en,
				Base,
			);
			mainGroup = 746231832B1A051E007991EB;
			packageReferences = (
				741EDE202B8387E400A97C02 /* XCRemoteSwiftPackageReference "ProgressHUD" */,
				748CB2DC2BA5654500FA1A57 /* XCRemoteSwiftPackageReference "Kingfisher" */,
				748CB2DF2BA565D400FA1A57 /* XCRemoteSwiftPackageReference "SwiftKeychainWrapper" */,
			);
			productRefGroup = 7462318D2B1A051E007991EB /* Products */;
			projectDirPath = "";
			projectRoot = "";
			targets = (
				7462318B2B1A051E007991EB /* ImageFeed */,
				745917172BE6E7AF00568C9D /* ImageFeedTests */,
				745917242BE6F62100568C9D /* ProfileTests */,
				745917322BE6F6B100568C9D /* ImagesListTests */,
				7459174F2BE6F84E00568C9D /* ImageFeedUITests */,
			);
		};
/* End PBXProject section */

/* Begin PBXResourcesBuildPhase section */
		745917162BE6E7AF00568C9D /* Resources */ = {
			isa = PBXResourcesBuildPhase;
			buildActionMask = 2147483647;
			files = (
			);
			runOnlyForDeploymentPostprocessing = 0;
		};
		745917232BE6F62100568C9D /* Resources */ = {
			isa = PBXResourcesBuildPhase;
			buildActionMask = 2147483647;
			files = (
			);
			runOnlyForDeploymentPostprocessing = 0;
		};
		745917312BE6F6B100568C9D /* Resources */ = {
			isa = PBXResourcesBuildPhase;
			buildActionMask = 2147483647;
			files = (
			);
			runOnlyForDeploymentPostprocessing = 0;
		};
		7459174E2BE6F84E00568C9D /* Resources */ = {
			isa = PBXResourcesBuildPhase;
			buildActionMask = 2147483647;
			files = (
			);
			runOnlyForDeploymentPostprocessing = 0;
		};
		7462318A2B1A051E007991EB /* Resources */ = {
			isa = PBXResourcesBuildPhase;
			buildActionMask = 2147483647;
			files = (
				7462319C2B1A0522007991EB /* LaunchScreen.storyboard in Resources */,
				746231992B1A0522007991EB /* Assets.xcassets in Resources */,
				746231972B1A051E007991EB /* Main.storyboard in Resources */,
			);
			runOnlyForDeploymentPostprocessing = 0;
		};
/* End PBXResourcesBuildPhase section */

/* Begin PBXSourcesBuildPhase section */
		745917142BE6E7AF00568C9D /* Sources */ = {
			isa = PBXSourcesBuildPhase;
			buildActionMask = 2147483647;
			files = (
				7459173C2BE6F6B600568C9D /* ImagesListTests.swift in Sources */,
				7459171B2BE6E7AF00568C9D /* WebViewTests.swift in Sources */,
				7459172E2BE6F62600568C9D /* ProfileTests.swift in Sources */,
			);
			runOnlyForDeploymentPostprocessing = 0;
		};
		745917212BE6F62100568C9D /* Sources */ = {
			isa = PBXSourcesBuildPhase;
			buildActionMask = 2147483647;
			files = (
			);
			runOnlyForDeploymentPostprocessing = 0;
		};
		7459172F2BE6F6B100568C9D /* Sources */ = {
			isa = PBXSourcesBuildPhase;
			buildActionMask = 2147483647;
			files = (
			);
			runOnlyForDeploymentPostprocessing = 0;
		};
		7459174C2BE6F84E00568C9D /* Sources */ = {
			isa = PBXSourcesBuildPhase;
			buildActionMask = 2147483647;
			files = (
				745917532BE6F84E00568C9D /* ImageFeedUITests.swift in Sources */,
			);
			runOnlyForDeploymentPostprocessing = 0;
		};
		746231882B1A051E007991EB /* Sources */ = {
			isa = PBXSourcesBuildPhase;
			buildActionMask = 2147483647;
			files = (
				748CB2E42BAC5BF800FA1A57 /* URLSession+Data.swift in Sources */,
				740F54F92BE5562C003388DC /* ProfileViewPresenter.swift in Sources */,
				74E501572BC42D9F00B95F28 /* ProfileService.swift in Sources */,
				747751BA2BDBCFC700CF7183 /* ImageListService.swift in Sources */,
				74C8631B2B766EB900B414ED /* WebViewViewController.swift in Sources */,
				747751B82BDBCED900CF7183 /* ImageListStructures.swift in Sources */,
				74BD4F812B4598BE00FF8243 /* ProfileViewController.swift in Sources */,
				746231942B1A051E007991EB /* ImagesListViewController.swift in Sources */,
				741DC6372B34664E007077A4 /* ImageListCell.swift in Sources */,
				74D87FDD2B7FB0B600CA180D /* OAuth2Service.swift in Sources */,
				74E5015C2BC442C400B95F28 /* ProfileStructures.swift in Sources */,
				740F54FB2BE69230003388DC /* ImageListPresenter.swift in Sources */,
				740F54F52BE3EA51003388DC /* WebViewPresenter.swift in Sources */,
				742813B62B4AC4F9001225FF /* SingleImageViewController.swift in Sources */,
				74D87FE22B7FE6F600CA180D /* SplashViewController.swift in Sources */,
				74E501612BD2BD2400B95F28 /* TabBarController.swift in Sources */,
				74E501552BC02F1100B95F28 /* UIBlockingProgressHUD.swift in Sources */,
				74D87FDF2B7FB0CA00CA180D /* OAuth2Storage.swift in Sources */,
				746231A62B1A37C9007991EB /* Colors + Extensions.swift in Sources */,
				746231902B1A051E007991EB /* AppDelegate.swift in Sources */,
				740F54F72BE3EC49003388DC /* AuthHelper.swift in Sources */,
				746231922B1A051E007991EB /* SceneDelegate.swift in Sources */,
				74E5015E2BD149FF00B95F28 /* ProfileImageService.swift in Sources */,
				747C6F462B74EFCF009693B0 /* AuthViewController.swift in Sources */,
				747C6F442B73A5B4009693B0 /* AuthConfiguration.swift in Sources */,
			);
			runOnlyForDeploymentPostprocessing = 0;
		};
/* End PBXSourcesBuildPhase section */

/* Begin PBXTargetDependency section */
		7459171D2BE6E7AF00568C9D /* PBXTargetDependency */ = {
			isa = PBXTargetDependency;
			target = 7462318B2B1A051E007991EB /* ImageFeed */;
			targetProxy = 7459171C2BE6E7AF00568C9D /* PBXContainerItemProxy */;
		};
		7459172A2BE6F62100568C9D /* PBXTargetDependency */ = {
			isa = PBXTargetDependency;
			target = 7462318B2B1A051E007991EB /* ImageFeed */;
			targetProxy = 745917292BE6F62100568C9D /* PBXContainerItemProxy */;
		};
		745917382BE6F6B100568C9D /* PBXTargetDependency */ = {
			isa = PBXTargetDependency;
			target = 7462318B2B1A051E007991EB /* ImageFeed */;
			targetProxy = 745917372BE6F6B100568C9D /* PBXContainerItemProxy */;
		};
		745917572BE6F84E00568C9D /* PBXTargetDependency */ = {
			isa = PBXTargetDependency;
			target = 7462318B2B1A051E007991EB /* ImageFeed */;
			targetProxy = 745917562BE6F84E00568C9D /* PBXContainerItemProxy */;
		};
/* End PBXTargetDependency section */

/* Begin PBXVariantGroup section */
		746231952B1A051E007991EB /* Main.storyboard */ = {
			isa = PBXVariantGroup;
			children = (
				746231962B1A051E007991EB /* Base */,
			);
			name = Main.storyboard;
			sourceTree = "<group>";
		};
		7462319A2B1A0522007991EB /* LaunchScreen.storyboard */ = {
			isa = PBXVariantGroup;
			children = (
				7462319B2B1A0522007991EB /* Base */,
			);
			name = LaunchScreen.storyboard;
			sourceTree = "<group>";
		};
/* End PBXVariantGroup section */

/* Begin XCBuildConfiguration section */
		7459171F2BE6E7AF00568C9D /* Debug */ = {
			isa = XCBuildConfiguration;
			buildSettings = {
				BUNDLE_LOADER = "$(TEST_HOST)";
				CODE_SIGN_STYLE = Automatic;
				CURRENT_PROJECT_VERSION = 1;
				DEVELOPMENT_TEAM = YJ677YZM59;
				GENERATE_INFOPLIST_FILE = YES;
				IPHONEOS_DEPLOYMENT_TARGET = 16.2;
				MARKETING_VERSION = 1.0;
				PRODUCT_BUNDLE_IDENTIFIER = LightKrite.ImageFeedTests;
				PRODUCT_NAME = "$(TARGET_NAME)";
				SWIFT_EMIT_LOC_STRINGS = NO;
				SWIFT_VERSION = 5.0;
				TARGETED_DEVICE_FAMILY = "1,2";
				TEST_HOST = "$(BUILT_PRODUCTS_DIR)/ImageFeed.app/$(BUNDLE_EXECUTABLE_FOLDER_PATH)/ImageFeed";
			};
			name = Debug;
		};
		745917202BE6E7AF00568C9D /* Release */ = {
			isa = XCBuildConfiguration;
			buildSettings = {
				BUNDLE_LOADER = "$(TEST_HOST)";
				CODE_SIGN_STYLE = Automatic;
				CURRENT_PROJECT_VERSION = 1;
				DEVELOPMENT_TEAM = YJ677YZM59;
				GENERATE_INFOPLIST_FILE = YES;
				IPHONEOS_DEPLOYMENT_TARGET = 16.2;
				MARKETING_VERSION = 1.0;
				PRODUCT_BUNDLE_IDENTIFIER = LightKrite.ImageFeedTests;
				PRODUCT_NAME = "$(TARGET_NAME)";
				SWIFT_EMIT_LOC_STRINGS = NO;
				SWIFT_VERSION = 5.0;
				TARGETED_DEVICE_FAMILY = "1,2";
				TEST_HOST = "$(BUILT_PRODUCTS_DIR)/ImageFeed.app/$(BUNDLE_EXECUTABLE_FOLDER_PATH)/ImageFeed";
			};
			name = Release;
		};
		7459172C2BE6F62100568C9D /* Debug */ = {
			isa = XCBuildConfiguration;
			buildSettings = {
				BUNDLE_LOADER = "$(TEST_HOST)";
				CODE_SIGN_STYLE = Automatic;
				CURRENT_PROJECT_VERSION = 1;
				DEVELOPMENT_TEAM = YJ677YZM59;
				GENERATE_INFOPLIST_FILE = YES;
				IPHONEOS_DEPLOYMENT_TARGET = 16.2;
				MARKETING_VERSION = 1.0;
				PRODUCT_BUNDLE_IDENTIFIER = LightKrite.ProfileTests;
				PRODUCT_NAME = "$(TARGET_NAME)";
				SWIFT_EMIT_LOC_STRINGS = NO;
				SWIFT_VERSION = 5.0;
				TARGETED_DEVICE_FAMILY = "1,2";
				TEST_HOST = "$(BUILT_PRODUCTS_DIR)/ImageFeed.app/$(BUNDLE_EXECUTABLE_FOLDER_PATH)/ImageFeed";
			};
			name = Debug;
		};
		7459172D2BE6F62100568C9D /* Release */ = {
			isa = XCBuildConfiguration;
			buildSettings = {
				BUNDLE_LOADER = "$(TEST_HOST)";
				CODE_SIGN_STYLE = Automatic;
				CURRENT_PROJECT_VERSION = 1;
				DEVELOPMENT_TEAM = YJ677YZM59;
				GENERATE_INFOPLIST_FILE = YES;
				IPHONEOS_DEPLOYMENT_TARGET = 16.2;
				MARKETING_VERSION = 1.0;
				PRODUCT_BUNDLE_IDENTIFIER = LightKrite.ProfileTests;
				PRODUCT_NAME = "$(TARGET_NAME)";
				SWIFT_EMIT_LOC_STRINGS = NO;
				SWIFT_VERSION = 5.0;
				TARGETED_DEVICE_FAMILY = "1,2";
				TEST_HOST = "$(BUILT_PRODUCTS_DIR)/ImageFeed.app/$(BUNDLE_EXECUTABLE_FOLDER_PATH)/ImageFeed";
			};
			name = Release;
		};
		7459173A2BE6F6B100568C9D /* Debug */ = {
			isa = XCBuildConfiguration;
			buildSettings = {
				BUNDLE_LOADER = "$(TEST_HOST)";
				CODE_SIGN_STYLE = Automatic;
				CURRENT_PROJECT_VERSION = 1;
				DEVELOPMENT_TEAM = YJ677YZM59;
				GENERATE_INFOPLIST_FILE = YES;
				IPHONEOS_DEPLOYMENT_TARGET = 16.2;
				MARKETING_VERSION = 1.0;
				PRODUCT_BUNDLE_IDENTIFIER = LightKrite.ImagesListTests;
				PRODUCT_NAME = "$(TARGET_NAME)";
				SWIFT_EMIT_LOC_STRINGS = NO;
				SWIFT_VERSION = 5.0;
				TARGETED_DEVICE_FAMILY = "1,2";
				TEST_HOST = "$(BUILT_PRODUCTS_DIR)/ImageFeed.app/$(BUNDLE_EXECUTABLE_FOLDER_PATH)/ImageFeed";
			};
			name = Debug;
		};
		7459173B2BE6F6B100568C9D /* Release */ = {
			isa = XCBuildConfiguration;
			buildSettings = {
				BUNDLE_LOADER = "$(TEST_HOST)";
				CODE_SIGN_STYLE = Automatic;
				CURRENT_PROJECT_VERSION = 1;
				DEVELOPMENT_TEAM = YJ677YZM59;
				GENERATE_INFOPLIST_FILE = YES;
				IPHONEOS_DEPLOYMENT_TARGET = 16.2;
				MARKETING_VERSION = 1.0;
				PRODUCT_BUNDLE_IDENTIFIER = LightKrite.ImagesListTests;
				PRODUCT_NAME = "$(TARGET_NAME)";
				SWIFT_EMIT_LOC_STRINGS = NO;
				SWIFT_VERSION = 5.0;
				TARGETED_DEVICE_FAMILY = "1,2";
				TEST_HOST = "$(BUILT_PRODUCTS_DIR)/ImageFeed.app/$(BUNDLE_EXECUTABLE_FOLDER_PATH)/ImageFeed";
			};
			name = Release;
		};
		745917592BE6F84E00568C9D /* Debug */ = {
			isa = XCBuildConfiguration;
			buildSettings = {
				CODE_SIGN_STYLE = Automatic;
				CURRENT_PROJECT_VERSION = 1;
				DEVELOPMENT_TEAM = YJ677YZM59;
				GENERATE_INFOPLIST_FILE = YES;
				IPHONEOS_DEPLOYMENT_TARGET = 16.2;
				MARKETING_VERSION = 1.0;
				PRODUCT_BUNDLE_IDENTIFIER = LightKrite.ImageFeedUITests;
				PRODUCT_NAME = "$(TARGET_NAME)";
				SWIFT_EMIT_LOC_STRINGS = NO;
				SWIFT_VERSION = 5.0;
				TARGETED_DEVICE_FAMILY = "1,2";
				TEST_TARGET_NAME = ImageFeed;
			};
			name = Debug;
		};
		7459175A2BE6F84E00568C9D /* Release */ = {
			isa = XCBuildConfiguration;
			buildSettings = {
				CODE_SIGN_STYLE = Automatic;
				CURRENT_PROJECT_VERSION = 1;
				DEVELOPMENT_TEAM = YJ677YZM59;
				GENERATE_INFOPLIST_FILE = YES;
				IPHONEOS_DEPLOYMENT_TARGET = 16.2;
				MARKETING_VERSION = 1.0;
				PRODUCT_BUNDLE_IDENTIFIER = LightKrite.ImageFeedUITests;
				PRODUCT_NAME = "$(TARGET_NAME)";
				SWIFT_EMIT_LOC_STRINGS = NO;
				SWIFT_VERSION = 5.0;
				TARGETED_DEVICE_FAMILY = "1,2";
				TEST_TARGET_NAME = ImageFeed;
			};
			name = Release;
		};
		7462319E2B1A0522007991EB /* Debug */ = {
			isa = XCBuildConfiguration;
			buildSettings = {
				ALWAYS_SEARCH_USER_PATHS = NO;
				CLANG_ANALYZER_NONNULL = YES;
				CLANG_ANALYZER_NUMBER_OBJECT_CONVERSION = YES_AGGRESSIVE;
				CLANG_CXX_LANGUAGE_STANDARD = "gnu++20";
				CLANG_ENABLE_MODULES = YES;
				CLANG_ENABLE_OBJC_ARC = YES;
				CLANG_ENABLE_OBJC_WEAK = YES;
				CLANG_WARN_BLOCK_CAPTURE_AUTORELEASING = YES;
				CLANG_WARN_BOOL_CONVERSION = YES;
				CLANG_WARN_COMMA = YES;
				CLANG_WARN_CONSTANT_CONVERSION = YES;
				CLANG_WARN_DEPRECATED_OBJC_IMPLEMENTATIONS = YES;
				CLANG_WARN_DIRECT_OBJC_ISA_USAGE = YES_ERROR;
				CLANG_WARN_DOCUMENTATION_COMMENTS = YES;
				CLANG_WARN_EMPTY_BODY = YES;
				CLANG_WARN_ENUM_CONVERSION = YES;
				CLANG_WARN_INFINITE_RECURSION = YES;
				CLANG_WARN_INT_CONVERSION = YES;
				CLANG_WARN_NON_LITERAL_NULL_CONVERSION = YES;
				CLANG_WARN_OBJC_IMPLICIT_RETAIN_SELF = YES;
				CLANG_WARN_OBJC_LITERAL_CONVERSION = YES;
				CLANG_WARN_OBJC_ROOT_CLASS = YES_ERROR;
				CLANG_WARN_QUOTED_INCLUDE_IN_FRAMEWORK_HEADER = YES;
				CLANG_WARN_RANGE_LOOP_ANALYSIS = YES;
				CLANG_WARN_STRICT_PROTOTYPES = YES;
				CLANG_WARN_SUSPICIOUS_MOVE = YES;
				CLANG_WARN_UNGUARDED_AVAILABILITY = YES_AGGRESSIVE;
				CLANG_WARN_UNREACHABLE_CODE = YES;
				CLANG_WARN__DUPLICATE_METHOD_MATCH = YES;
				COPY_PHASE_STRIP = NO;
				DEBUG_INFORMATION_FORMAT = dwarf;
				ENABLE_STRICT_OBJC_MSGSEND = YES;
				ENABLE_TESTABILITY = YES;
				GCC_C_LANGUAGE_STANDARD = gnu11;
				GCC_DYNAMIC_NO_PIC = NO;
				GCC_NO_COMMON_BLOCKS = YES;
				GCC_OPTIMIZATION_LEVEL = 0;
				GCC_PREPROCESSOR_DEFINITIONS = (
					"DEBUG=1",
					"$(inherited)",
				);
				GCC_WARN_64_TO_32_BIT_CONVERSION = YES;
				GCC_WARN_ABOUT_RETURN_TYPE = YES_ERROR;
				GCC_WARN_UNDECLARED_SELECTOR = YES;
				GCC_WARN_UNINITIALIZED_AUTOS = YES_AGGRESSIVE;
				GCC_WARN_UNUSED_FUNCTION = YES;
				GCC_WARN_UNUSED_VARIABLE = YES;
				IPHONEOS_DEPLOYMENT_TARGET = 13.0;
				MTL_ENABLE_DEBUG_INFO = INCLUDE_SOURCE;
				MTL_FAST_MATH = YES;
				ONLY_ACTIVE_ARCH = YES;
				SDKROOT = iphoneos;
				SWIFT_ACTIVE_COMPILATION_CONDITIONS = DEBUG;
				SWIFT_OPTIMIZATION_LEVEL = "-Onone";
			};
			name = Debug;
		};
		7462319F2B1A0522007991EB /* Release */ = {
			isa = XCBuildConfiguration;
			buildSettings = {
				ALWAYS_SEARCH_USER_PATHS = NO;
				CLANG_ANALYZER_NONNULL = YES;
				CLANG_ANALYZER_NUMBER_OBJECT_CONVERSION = YES_AGGRESSIVE;
				CLANG_CXX_LANGUAGE_STANDARD = "gnu++20";
				CLANG_ENABLE_MODULES = YES;
				CLANG_ENABLE_OBJC_ARC = YES;
				CLANG_ENABLE_OBJC_WEAK = YES;
				CLANG_WARN_BLOCK_CAPTURE_AUTORELEASING = YES;
				CLANG_WARN_BOOL_CONVERSION = YES;
				CLANG_WARN_COMMA = YES;
				CLANG_WARN_CONSTANT_CONVERSION = YES;
				CLANG_WARN_DEPRECATED_OBJC_IMPLEMENTATIONS = YES;
				CLANG_WARN_DIRECT_OBJC_ISA_USAGE = YES_ERROR;
				CLANG_WARN_DOCUMENTATION_COMMENTS = YES;
				CLANG_WARN_EMPTY_BODY = YES;
				CLANG_WARN_ENUM_CONVERSION = YES;
				CLANG_WARN_INFINITE_RECURSION = YES;
				CLANG_WARN_INT_CONVERSION = YES;
				CLANG_WARN_NON_LITERAL_NULL_CONVERSION = YES;
				CLANG_WARN_OBJC_IMPLICIT_RETAIN_SELF = YES;
				CLANG_WARN_OBJC_LITERAL_CONVERSION = YES;
				CLANG_WARN_OBJC_ROOT_CLASS = YES_ERROR;
				CLANG_WARN_QUOTED_INCLUDE_IN_FRAMEWORK_HEADER = YES;
				CLANG_WARN_RANGE_LOOP_ANALYSIS = YES;
				CLANG_WARN_STRICT_PROTOTYPES = YES;
				CLANG_WARN_SUSPICIOUS_MOVE = YES;
				CLANG_WARN_UNGUARDED_AVAILABILITY = YES_AGGRESSIVE;
				CLANG_WARN_UNREACHABLE_CODE = YES;
				CLANG_WARN__DUPLICATE_METHOD_MATCH = YES;
				COPY_PHASE_STRIP = NO;
				DEBUG_INFORMATION_FORMAT = "dwarf-with-dsym";
				ENABLE_NS_ASSERTIONS = NO;
				ENABLE_STRICT_OBJC_MSGSEND = YES;
				GCC_C_LANGUAGE_STANDARD = gnu11;
				GCC_NO_COMMON_BLOCKS = YES;
				GCC_WARN_64_TO_32_BIT_CONVERSION = YES;
				GCC_WARN_ABOUT_RETURN_TYPE = YES_ERROR;
				GCC_WARN_UNDECLARED_SELECTOR = YES;
				GCC_WARN_UNINITIALIZED_AUTOS = YES_AGGRESSIVE;
				GCC_WARN_UNUSED_FUNCTION = YES;
				GCC_WARN_UNUSED_VARIABLE = YES;
				IPHONEOS_DEPLOYMENT_TARGET = 13.0;
				MTL_ENABLE_DEBUG_INFO = NO;
				MTL_FAST_MATH = YES;
				SDKROOT = iphoneos;
				SWIFT_COMPILATION_MODE = wholemodule;
				SWIFT_OPTIMIZATION_LEVEL = "-O";
				VALIDATE_PRODUCT = YES;
			};
			name = Release;
		};
		746231A12B1A0522007991EB /* Debug */ = {
			isa = XCBuildConfiguration;
			buildSettings = {
				ASSETCATALOG_COMPILER_APPICON_NAME = AppIcon;
				ASSETCATALOG_COMPILER_GLOBAL_ACCENT_COLOR_NAME = AccentColor;
				CODE_SIGN_STYLE = Automatic;
				CURRENT_PROJECT_VERSION = 1;
				DEVELOPMENT_TEAM = YJ677YZM59;
				GENERATE_INFOPLIST_FILE = YES;
				INFOPLIST_FILE = ImageFeedApp/Resources/Info.plist;
				INFOPLIST_KEY_UIApplicationSupportsIndirectInputEvents = YES;
				INFOPLIST_KEY_UILaunchStoryboardName = LaunchScreen;
				INFOPLIST_KEY_UIMainStoryboardFile = Main;
				INFOPLIST_KEY_UISupportedInterfaceOrientations = UIInterfaceOrientationPortrait;
				INFOPLIST_KEY_UISupportedInterfaceOrientations_iPad = "UIInterfaceOrientationLandscapeLeft UIInterfaceOrientationLandscapeRight UIInterfaceOrientationPortrait UIInterfaceOrientationPortraitUpsideDown";
				IPHONEOS_DEPLOYMENT_TARGET = 13.0;
				LD_RUNPATH_SEARCH_PATHS = (
					"$(inherited)",
					"@executable_path/Frameworks",
				);
				MARKETING_VERSION = 1.0;
				PRODUCT_BUNDLE_IDENTIFIER = LightKrite.ImageFeed;
				PRODUCT_NAME = "$(TARGET_NAME)";
				SUPPORTED_PLATFORMS = "iphoneos iphonesimulator";
				SUPPORTS_MACCATALYST = NO;
				SUPPORTS_MAC_DESIGNED_FOR_IPHONE_IPAD = NO;
				SWIFT_EMIT_LOC_STRINGS = YES;
				SWIFT_VERSION = 5.0;
				TARGETED_DEVICE_FAMILY = 1;
			};
			name = Debug;
		};
		746231A22B1A0522007991EB /* Release */ = {
			isa = XCBuildConfiguration;
			buildSettings = {
				ASSETCATALOG_COMPILER_APPICON_NAME = AppIcon;
				ASSETCATALOG_COMPILER_GLOBAL_ACCENT_COLOR_NAME = AccentColor;
				CODE_SIGN_STYLE = Automatic;
				CURRENT_PROJECT_VERSION = 1;
				DEVELOPMENT_TEAM = YJ677YZM59;
				GENERATE_INFOPLIST_FILE = YES;
				INFOPLIST_FILE = ImageFeedApp/Resources/Info.plist;
				INFOPLIST_KEY_UIApplicationSupportsIndirectInputEvents = YES;
				INFOPLIST_KEY_UILaunchStoryboardName = LaunchScreen;
				INFOPLIST_KEY_UIMainStoryboardFile = Main;
				INFOPLIST_KEY_UISupportedInterfaceOrientations = UIInterfaceOrientationPortrait;
				INFOPLIST_KEY_UISupportedInterfaceOrientations_iPad = "UIInterfaceOrientationLandscapeLeft UIInterfaceOrientationLandscapeRight UIInterfaceOrientationPortrait UIInterfaceOrientationPortraitUpsideDown";
				IPHONEOS_DEPLOYMENT_TARGET = 13.0;
				LD_RUNPATH_SEARCH_PATHS = (
					"$(inherited)",
					"@executable_path/Frameworks",
				);
				MARKETING_VERSION = 1.0;
				PRODUCT_BUNDLE_IDENTIFIER = LightKrite.ImageFeed;
				PRODUCT_NAME = "$(TARGET_NAME)";
				SUPPORTED_PLATFORMS = "iphoneos iphonesimulator";
				SUPPORTS_MACCATALYST = NO;
				SUPPORTS_MAC_DESIGNED_FOR_IPHONE_IPAD = NO;
				SWIFT_EMIT_LOC_STRINGS = YES;
				SWIFT_VERSION = 5.0;
				TARGETED_DEVICE_FAMILY = 1;
			};
			name = Release;
		};
/* End XCBuildConfiguration section */

/* Begin XCConfigurationList section */
		7459171E2BE6E7AF00568C9D /* Build configuration list for PBXNativeTarget "ImageFeedTests" */ = {
			isa = XCConfigurationList;
			buildConfigurations = (
				7459171F2BE6E7AF00568C9D /* Debug */,
				745917202BE6E7AF00568C9D /* Release */,
			);
			defaultConfigurationIsVisible = 0;
			defaultConfigurationName = Release;
		};
		7459172B2BE6F62100568C9D /* Build configuration list for PBXNativeTarget "ProfileTests" */ = {
			isa = XCConfigurationList;
			buildConfigurations = (
				7459172C2BE6F62100568C9D /* Debug */,
				7459172D2BE6F62100568C9D /* Release */,
			);
			defaultConfigurationIsVisible = 0;
			defaultConfigurationName = Release;
		};
		745917392BE6F6B100568C9D /* Build configuration list for PBXNativeTarget "ImagesListTests" */ = {
			isa = XCConfigurationList;
			buildConfigurations = (
				7459173A2BE6F6B100568C9D /* Debug */,
				7459173B2BE6F6B100568C9D /* Release */,
			);
			defaultConfigurationIsVisible = 0;
			defaultConfigurationName = Release;
		};
		745917582BE6F84E00568C9D /* Build configuration list for PBXNativeTarget "ImageFeedUITests" */ = {
			isa = XCConfigurationList;
			buildConfigurations = (
				745917592BE6F84E00568C9D /* Debug */,
				7459175A2BE6F84E00568C9D /* Release */,
			);
			defaultConfigurationIsVisible = 0;
			defaultConfigurationName = Release;
		};
		746231872B1A051E007991EB /* Build configuration list for PBXProject "ImageFeed" */ = {
			isa = XCConfigurationList;
			buildConfigurations = (
				7462319E2B1A0522007991EB /* Debug */,
				7462319F2B1A0522007991EB /* Release */,
			);
			defaultConfigurationIsVisible = 0;
			defaultConfigurationName = Release;
		};
		746231A02B1A0522007991EB /* Build configuration list for PBXNativeTarget "ImageFeed" */ = {
			isa = XCConfigurationList;
			buildConfigurations = (
				746231A12B1A0522007991EB /* Debug */,
				746231A22B1A0522007991EB /* Release */,
			);
			defaultConfigurationIsVisible = 0;
			defaultConfigurationName = Release;
		};
/* End XCConfigurationList section */

/* Begin XCRemoteSwiftPackageReference section */
		741EDE202B8387E400A97C02 /* XCRemoteSwiftPackageReference "ProgressHUD" */ = {
			isa = XCRemoteSwiftPackageReference;
			repositoryURL = "https://github.com/relatedcode/ProgressHUD";
			requirement = {
				kind = exactVersion;
				version = 13.8.6;
			};
		};
		748CB2DC2BA5654500FA1A57 /* XCRemoteSwiftPackageReference "Kingfisher" */ = {
			isa = XCRemoteSwiftPackageReference;
			repositoryURL = "https://github.com/onevcat/Kingfisher";
			requirement = {
				kind = upToNextMinorVersion;
				minimumVersion = 7.9.0;
			};
		};
		748CB2DF2BA565D400FA1A57 /* XCRemoteSwiftPackageReference "SwiftKeychainWrapper" */ = {
			isa = XCRemoteSwiftPackageReference;
			repositoryURL = "https://github.com/jrendel/SwiftKeychainWrapper";
			requirement = {
				kind = upToNextMinorVersion;
				minimumVersion = 4.0.0;
			};
		};
/* End XCRemoteSwiftPackageReference section */

/* Begin XCSwiftPackageProductDependency section */
		741EDE212B8387E400A97C02 /* ProgressHUD */ = {
			isa = XCSwiftPackageProductDependency;
			package = 741EDE202B8387E400A97C02 /* XCRemoteSwiftPackageReference "ProgressHUD" */;
			productName = ProgressHUD;
		};
		748CB2DD2BA5654600FA1A57 /* Kingfisher */ = {
			isa = XCSwiftPackageProductDependency;
			package = 748CB2DC2BA5654500FA1A57 /* XCRemoteSwiftPackageReference "Kingfisher" */;
			productName = Kingfisher;
		};
		748CB2E02BA565D400FA1A57 /* SwiftKeychainWrapper */ = {
			isa = XCSwiftPackageProductDependency;
			package = 748CB2DF2BA565D400FA1A57 /* XCRemoteSwiftPackageReference "SwiftKeychainWrapper" */;
			productName = SwiftKeychainWrapper;
		};
/* End XCSwiftPackageProductDependency section */
	};
	rootObject = 746231842B1A051E007991EB /* Project object */;
}
